
Microsoft Visual Studio Solution File, Format Version 12.00
# Visual Studio Version 17
VisualStudioVersion = 17.8.34316.72
MinimumVisualStudioVersion = 10.0.40219.1
Project("{8BC9CEB8-8B4A-11D0-8D11-00A0C91BC942}") = "DaipanGame_Siv3D", "DaipanGame_Siv3D\DaipanGame_Siv3D.vcxproj", "{9CE15D09-0999-4B8B-A0D4-AC3325E2875C}"
EndProject
Global
	GlobalSection(SolutionConfigurationPlatforms) = preSolution
		Debug|x64 = Debug|x64
		Release|x64 = Release|x64
	EndGlobalSection
	GlobalSection(ProjectConfigurationPlatforms) = postSolution
		{9CE15D09-0999-4B8B-A0D4-AC3325E2875C}.Debug|x64.ActiveCfg = Debug|x64
		{9CE15D09-0999-4B8B-A0D4-AC3325E2875C}.Debug|x64.Build.0 = Debug|x64
		{9CE15D09-0999-4B8B-A0D4-AC3325E2875C}.Release|x64.ActiveCfg = Release|x64
		{9CE15D09-0999-4B8B-A0D4-AC3325E2875C}.Release|x64.Build.0 = Release|x64
	EndGlobalSection
	GlobalSection(SolutionProperties) = preSolution
		HideSolutionNode = FALSE
	EndGlobalSection
	GlobalSection(ExtensibilityGlobals) = postSolution
		SolutionGuid = {4CDBFDEA-AA49-4172-984F-85599DD64FD1}
	EndGlobalSection
EndGlobal
